<?xml version="1.0" encoding="utf-8"?>
<Project ToolsVersion="4.0" xmlns="http://schemas.microsoft.com/developer/msbuild/2003">
  <ItemGroup>
    <ClCompile Include="Peon.cpp" />
    <ClCompile Include="PeonJob.cpp" />
    <ClCompile Include="PeonStealingQueue.cpp" />
    <ClCompile Include="PeonSystem.cpp" />
    <ClCompile Include="PeonWorker.cpp" />
    <ClCompile Include="PeonMemoryAllocator.cpp" />
  </ItemGroup>
  <ItemGroup>
    <ClInclude Include="Peon.h" />
    <ClInclude Include="PeonConfig.h" />
    <ClInclude Include="PeonJob.h" />
    <ClInclude Include="PeonStealingQueue.h" />
    <ClInclude Include="PeonSystem.h" />
    <ClInclude Include="PeonWorker.h" />
    <ClInclude Include="PeonMemoryAllocator.h" />
  </ItemGroup>
  <ItemGroup>
    <None Include="..\README.md" />
  </ItemGroup>
</Project>